{
  "name": "ionic-stencil-observables",
  "version": "0.0.1",
  "lockfileVersion": 1,
  "requires": true,
  "dependencies": {
    "@ionic/core": {
      "version": "4.6.0-dev.201906131724.645b9a9",
      "resolved": "https://registry.npmjs.org/@ionic/core/-/core-4.6.0-dev.201906131724.645b9a9.tgz",
      "integrity": "sha512-ieyLsHIf8nPorcbCZoleM7smKeo1AQ4skaQ7nHo7dJwj999ODkiJJR4sofrEncjVIUTGsf9rm2ldtL94Mdk5kQ==",
      "requires": {
        "ionicons": "4.5.9-1",
        "tslib": "^1.10.0"
      },
      "dependencies": {
        "tslib": {
          "version": "1.10.0",
          "resolved": "https://registry.npmjs.org/tslib/-/tslib-1.10.0.tgz",
          "integrity": "sha512-qOebF53frne81cf0S9B41ByenJ3/IuH8yJKngAX35CmiZySA0khhkovshKK+jGCaMnVomla7gVlIcc3EvKPbTQ=="
        }
      }
    },
    "@stencil/core": {
      "version": "1.0.0-beta.8",
      "resolved": "https://registry.npmjs.org/@stencil/core/-/core-1.0.0-beta.8.tgz",
      "integrity": "sha512-iUeSVJL6lw7Q5gRI/2rKcZkvSd8XfvUvJLjgEH7292usWgfu4sDbjF5r45CmJa1GpsnXSyNZb3e4XWW2mWIr9Q==",
      "dev": true,
      "requires": {
        "typescript": "3.5.1"
      }
    },
    "ionicons": {
      "version": "4.5.9-1",
      "resolved": "https://registry.npmjs.org/ionicons/-/ionicons-4.5.9-1.tgz",
      "integrity": "sha512-jR95cFGkPwNoH3MmoMF7qO+wMRgr7RdDG4Zuy+3WA6dnochfaZ1BisIC1TB3XLydy5cShxAK5eHqaSHcRkUHPQ=="
    },
    "rxjs": {
      "version": "6.5.2",
      "resolved": "https://registry.npmjs.org/rxjs/-/rxjs-6.5.2.tgz",
      "integrity": "sha512-HUb7j3kvb7p7eCUHE3FqjoDsC1xfZQ4AHFWfTKSpZ+sAhhz5X1WX0ZuUqWbzB2QhSLp3DoLUG+hMdEDKqWo2Zg==",
      "requires": {
        "tslib": "^1.9.0"
      }
    },
    "tslib": {
      "version": "1.9.3",
      "resolved": "https://registry.npmjs.org/tslib/-/tslib-1.9.3.tgz",
      "integrity": "sha512-4krF8scpejhaOgqzBEcGM7yDIEfi0/8+8zDRZhNZZ2kjmHJ4hv3zCbQWxoJGz1iw5U0Jl0nma13xzHXcncMavQ=="
    },
    "typescript": {
      "version": "3.5.1",
      "resolved": "https://registry.npmjs.org/typescript/-/typescript-3.5.1.tgz",
      "integrity": "sha512-64HkdiRv1yYZsSe4xC1WVgamNigVYjlssIoaH2HcZF0+ijsk5YK2g0G34w9wJkze8+5ow4STd22AynfO6ZYYLw==",
      "dev": true
    }
  }
}
